
Microsoft Visual Studio Solution File, Format Version 12.00
# Visual Studio 14
VisualStudioVersion = 14.0.23107.0
MinimumVisualStudioVersion = 10.0.40219.1
Project("{FAE04EC0-301F-11D3-BF4B-00C04F79EFBC}") = "MvcBreadCrumbs", "MvcBreadCrumbs\MvcBreadCrumbs.csproj", "{6E7FB065-B939-407D-8000-67C188B20D71}"
EndProject
Project("{FAE04EC0-301F-11D3-BF4B-00C04F79EFBC}") = "MvcBreadCrumbs.SampleWeb", "MvcBreadCrumbs.SampleWeb\MvcBreadCrumbs.SampleWeb.csproj", "{BA7CCDF1-76F2-4337-9739-68EFFE210244}"
EndProject
Project("{2150E333-8FDC-42A3-9474-1A3956D46DE8}") = "PublishScripts", "PublishScripts", "{0FA7498F-3A4D-4778-8AB2-64AF54A60E42}"
	ProjectSection(SolutionItems) = preProject
		PublishScripts\AzureVMPublishModule.psm1 = PublishScripts\AzureVMPublishModule.psm1
		PublishScripts\Publish-WebApplicationVM.ps1 = PublishScripts\Publish-WebApplicationVM.ps1
	EndProjectSection
EndProject
Project("{2150E333-8FDC-42A3-9474-1A3956D46DE8}") = "Configurations", "Configurations", "{A239C6BC-A319-4AF7-A2F0-C85BA455CD26}"
	ProjectSection(SolutionItems) = preProject
		PublishScripts\Configurations\MvcBreadCrumbsSampleWeb-WAWS-dev.json = PublishScripts\Configurations\MvcBreadCrumbsSampleWeb-WAWS-dev.json
	EndProjectSection
EndProject
Global
	GlobalSection(SolutionConfigurationPlatforms) = preSolution
		Debug|Any CPU = Debug|Any CPU
		Release|Any CPU = Release|Any CPU
	EndGlobalSection
	GlobalSection(ProjectConfigurationPlatforms) = postSolution
		{6E7FB065-B939-407D-8000-67C188B20D71}.Debug|Any CPU.ActiveCfg = Debug|Any CPU
		{6E7FB065-B939-407D-8000-67C188B20D71}.Debug|Any CPU.Build.0 = Debug|Any CPU
		{6E7FB065-B939-407D-8000-67C188B20D71}.Release|Any CPU.ActiveCfg = Release|Any CPU
		{6E7FB065-B939-407D-8000-67C188B20D71}.Release|Any CPU.Build.0 = Release|Any CPU
		{BA7CCDF1-76F2-4337-9739-68EFFE210244}.Debug|Any CPU.ActiveCfg = Debug|Any CPU
		{BA7CCDF1-76F2-4337-9739-68EFFE210244}.Debug|Any CPU.Build.0 = Debug|Any CPU
		{BA7CCDF1-76F2-4337-9739-68EFFE210244}.Release|Any CPU.ActiveCfg = Release|Any CPU
		{BA7CCDF1-76F2-4337-9739-68EFFE210244}.Release|Any CPU.Build.0 = Release|Any CPU
	EndGlobalSection
	GlobalSection(SolutionProperties) = preSolution
		HideSolutionNode = FALSE
	EndGlobalSection
	GlobalSection(NestedProjects) = preSolution
		{A239C6BC-A319-4AF7-A2F0-C85BA455CD26} = {0FA7498F-3A4D-4778-8AB2-64AF54A60E42}
	EndGlobalSection
EndGlobal
